
Microsoft Visual Studio Solution File, Format Version 12.00
# Visual Studio Version 17
VisualStudioVersion = 17.4.33213.308
MinimumVisualStudioVersion = 10.0.40219.1
Project("{FAE04EC0-301F-11D3-BF4B-00C04F79EFBC}") = "Izbor Delioca", "Izbor Delioca\Izbor Delioca.csproj", "{A2A1A918-A186-4CB8-9C63-C0DBE4BE44B0}"
EndProject
Global
	GlobalSection(SolutionConfigurationPlatforms) = preSolution
		Debug|Any CPU = Debug|Any CPU
		Release|Any CPU = Release|Any CPU
	EndGlobalSection
	GlobalSection(ProjectConfigurationPlatforms) = postSolution
		{A2A1A918-A186-4CB8-9C63-C0DBE4BE44B0}.Debug|Any CPU.ActiveCfg = Debug|Any CPU
		{A2A1A918-A186-4CB8-9C63-C0DBE4BE44B0}.Debug|Any CPU.Build.0 = Debug|Any CPU
		{A2A1A918-A186-4CB8-9C63-C0DBE4BE44B0}.Release|Any CPU.ActiveCfg = Release|Any CPU
		{A2A1A918-A186-4CB8-9C63-C0DBE4BE44B0}.Release|Any CPU.Build.0 = Release|Any CPU
	EndGlobalSection
	GlobalSection(SolutionProperties) = preSolution
		HideSolutionNode = FALSE
	EndGlobalSection
	GlobalSection(ExtensibilityGlobals) = postSolution
		SolutionGuid = {15006798-389F-444A-B22D-E4DD2AA6D702}
	EndGlobalSection
EndGlobal
